
Microsoft Visual Studio Solution File, Format Version 12.00
# Visual Studio Version 17
VisualStudioVersion = 17.5.33530.505
MinimumVisualStudioVersion = 10.0.40219.1
Project("{FAE04EC0-301F-11D3-BF4B-00C04F79EFBC}") = "Porfotlio", "Porfotlio\Porfotlio.csproj", "{FEB64666-1ED8-42D5-8761-1D6C01D5420D}"
EndProject
Global
	GlobalSection(SolutionConfigurationPlatforms) = preSolution
		Debug|Any CPU = Debug|Any CPU
		Release|Any CPU = Release|Any CPU
	EndGlobalSection
	GlobalSection(ProjectConfigurationPlatforms) = postSolution
		{FEB64666-1ED8-42D5-8761-1D6C01D5420D}.Debug|Any CPU.ActiveCfg = Debug|Any CPU
		{FEB64666-1ED8-42D5-8761-1D6C01D5420D}.Debug|Any CPU.Build.0 = Debug|Any CPU
		{FEB64666-1ED8-42D5-8761-1D6C01D5420D}.Release|Any CPU.ActiveCfg = Release|Any CPU
		{FEB64666-1ED8-42D5-8761-1D6C01D5420D}.Release|Any CPU.Build.0 = Release|Any CPU
	EndGlobalSection
	GlobalSection(SolutionProperties) = preSolution
		HideSolutionNode = FALSE
	EndGlobalSection
	GlobalSection(ExtensibilityGlobals) = postSolution
		SolutionGuid = {9EB215E4-1BE3-40CC-AB75-5CA815C1E3BC}
	EndGlobalSection
EndGlobal
